packages:
  apb:
    revision: c36e398b5e9b02f3a5fb1511be02764c94e1c413
    version: null
    source:
      Git: https://github.com/pulp-platform/apb.git
    dependencies:
    - common_cells
  axi:
    revision: 57779b81d7a1e776454f0b1db358747c11371272
    version: null
    source:
      Git: https://github.com/pulp-platform/axi.git
    dependencies:
    - common_cells
    - common_verification
    - tech_cells_generic
  axi_riscv_atomics:
    revision: 7b8394d19e7c36e972b8187cceed84d82be7a085
    version: null
    source:
      Git: https://github.com/pulp-platform/axi_riscv_atomics.git
    dependencies:
    - axi
    - common_cells
    - common_verification
  axi_stream:
    revision: 54891ff40455ca94a37641b9da4604647878cc07
    version: 0.1.1
    source:
      Git: https://github.com/pulp-platform/axi_stream.git
    dependencies:
    - common_cells
  common_cells:
    revision: e42f76dcb1e8a1a171943b22f36c94f640508994
    version: null
    source:
      Git: https://github.com/pulp-platform/common_cells.git
    dependencies:
    - common_verification
    - tech_cells_generic
  common_verification:
    revision: fb1885f48ea46164a10568aeff51884389f67ae3
    version: 0.2.5
    source:
      Git: https://github.com/pulp-platform/common_verification.git
    dependencies: []
  floo_noc_pd:
    revision: null
    version: null
    source:
      Path: pd
    dependencies: []
  fpnew:
    revision: 4101e71b389f7873555ff4e0c2afb960021215b6
    version: null
    source:
      Git: https://github.com/pulp-platform/cvfpu.git
    dependencies:
    - common_cells
    - fpu_div_sqrt_mvp
  fpu_div_sqrt_mvp:
    revision: 86e1f558b3c95e91577c41b2fc452c86b04e85ac
    version: 1.0.4
    source:
      Git: https://github.com/pulp-platform/fpu_div_sqrt_mvp.git
    dependencies:
    - common_cells
  idma:
    revision: 858c4995dd4e1f01413d2671e64bf7299b254be1
    version: null
    source:
      Git: https://github.com/pulp-platform/idma.git
    dependencies:
    - apb
    - axi
    - axi_stream
    - common_cells
    - common_verification
    - obi
    - register_interface
  obi:
    revision: ddeced68bf1d180750171384eed809628eb890c7
    version: null
    source:
      Git: https://github.com/pulp-platform/obi.git
    dependencies:
    - common_cells
    - common_verification
  register_interface:
    revision: f04dc815b72e32ae483b2abafcb87a8f4b6c37e7
    version: null
    source:
      Git: https://github.com/pulp-platform/register_interface.git
    dependencies:
    - apb
    - axi
    - common_cells
    - common_verification
  tech_cells_generic:
    revision: 7968dd6e6180df2c644636bc6d2908a49f2190cf
    version: 0.2.13
    source:
      Git: https://github.com/pulp-platform/tech_cells_generic.git
    dependencies:
    - common_verification
