packages:
  apb:
    revision: 77ddf073f194d44b9119949d2421be59789e69ae
    version: 0.2.4
    source:
      Git: https://github.com/pulp-platform/apb.git
    dependencies:
    - common_cells
  axi:
    revision: bfee21757bf090ec8e358456314b0b0fd3c90809
    version: 0.39.0
    source:
      Git: https://github.com/pulp-platform/axi.git
    dependencies:
    - common_cells
    - common_verification
    - tech_cells_generic
  common_cells:
    revision: 53b0b58af2db5bd3c850a7038fae170ed78326bb
    version: 1.31.1
    source:
      Git: https://github.com/pulp-platform/common_cells.git
    dependencies:
    - common_verification
    - tech_cells_generic
  common_verification:
    revision: 9c07fa860593b2caabd9b5681740c25fac04b878
    version: 0.2.3
    source:
      Git: https://github.com/pulp-platform/common_verification.git
    dependencies: []
  idma:
    revision: b31e8f019c657eff4126bc789f0336d403da6766
    version: 0.4.2
    source:
      Git: https://github.com/pulp-platform/iDMA.git
    dependencies:
    - axi
    - common_cells
    - common_verification
    - register_interface
  register_interface:
    revision: 146501d80052b61475cdc333d3aab4cd769fd5dc
    version: 0.3.9
    source:
      Git: https://github.com/pulp-platform/register_interface.git
    dependencies:
    - apb
    - axi
    - common_cells
  tech_cells_generic:
    revision: a9cae21902e75b1434328ecf36f85327ba5717de
    version: 0.2.11
    source:
      Git: https://github.com/pulp-platform/tech_cells_generic.git
    dependencies:
    - common_verification
